<Solution>
  <Folder Name="/src/">
    <Project Path="src/Packet.Mailcast/Packet.Mailcast.csproj" />
    <Project Path="src/Mailcast.HeadEnd/Mailcast.HeadEnd.csproj" />
    <Project Path="src/Mailcast.RaptorQ/Mailcast.RaptorQ.csproj" />
    <Project Path="src/Mailcast.Receiver/Mailcast.Receiver.csproj" />
  </Folder>
  <Folder Name="/tests/">
    <Project Path="tests/Packet.Mailcast.Tests/Packet.Mailcast.Tests.csproj" />
    <Project Path="tests/Mailcast.HeadEnd.Tests/Mailcast.HeadEnd.Tests.csproj" />
    <Project Path="tests/Mailcast.RaptorQ.Tests/Mailcast.RaptorQ.Tests.csproj" />
    <Project Path="tests/Mailcast.Receiver.Tests/Mailcast.Receiver.Tests.csproj" />
  </Folder>
  <Folder Name="/tools/">
    <Project Path="tools/Mailcast.DictionaryTool/Mailcast.DictionaryTool.csproj" />
    <Project Path="tools/RaptorQ.InteropExport/RaptorQ.InteropExport.csproj" />
  </Folder>
</Solution>
